github.com/bots-garden/capsule/capsulemodule v0.2.5 h1:CfRrNecp0rhJ3FYlAXePhR4HKrmE1xCx07Bo752/Juo=
github.com/bots-garden/capsule/capsulemodule v0.2.5/go.mod h1:rHqoqnqUjvAsRalCXGPd8YEtLB63RPpBXc/eZIKHnAk=
github.com/bots-garden/capsule/commons v0.2.5 h1:JliH58OCU/d8w6Bl+SMvW+TKS/s3UtB9aYqbutLqib0=
github.com/bots-garden/capsule/commons v0.2.5/go.mod h1:JWZnI1uUCraaQXWkqO3oUGXannDaVYLnPxrLU3LUWHA=
