# THIS IS AN AUTOGENERATED FILE. DO NOT EDIT THIS FILE DIRECTLY.
# yarn lockfile v1


nats@^2.8.0:
  version "2.8.0"
  resolved "https://registry.yarnpkg.com/nats/-/nats-2.8.0.tgz#a0d854d4b423c84a5c0ef20990598d08bc51d0a2"
  integrity sha512-FabrmbDYGH8x8iajdFqhr3RptxJ4qlK1uKuqaHf8EUNY3Zr8DtRw2naiJsIzex27GnSs0UqQG/upPU9Yh66zlA==
  dependencies:
    nkeys.js "1.0.3"
    web-streams-polyfill "^3.2.1"

nkeys.js@1.0.3:
  version "1.0.3"
  resolved "https://registry.yarnpkg.com/nkeys.js/-/nkeys.js-1.0.3.tgz#487688a6f4f36f4a2796eee000cc6e54e122cb08"
  integrity sha512-p5Bpb/acPaQmCrbe4gNmMBY/naZJV8Q7m2B9UkXT8BQRC6wjX8zqD2ya8eZu9mpSXQffodV46HCP9OckmxcwYA==
  dependencies:
    tweetnacl "1.0.3"

tweetnacl@1.0.3:
  version "1.0.3"
  resolved "https://registry.yarnpkg.com/tweetnacl/-/tweetnacl-1.0.3.tgz#ac0af71680458d8a6378d0d0d050ab1407d35596"
  integrity sha512-6rt+RN7aOi1nGMyC4Xa5DdYiukl2UWCbcJft7YhxReBGQD7OAM8Pbxw6YMo4r2diNEA8FEmu32YOn9rhaiE5yw==

web-streams-polyfill@^3.2.1:
  version "3.2.1"
  resolved "https://registry.yarnpkg.com/web-streams-polyfill/-/web-streams-polyfill-3.2.1.tgz#71c2718c52b45fd49dbeee88634b3a60ceab42a6"
  integrity sha512-e0MO3wdXWKrLbL0DgGnUV7WHVuw9OUvL4hjgnPkIeEvESk74gAITi5G606JtZPp39cd8HA9VQzCIvA49LpPN5Q==
